
Microsoft Visual Studio Solution File, Format Version 12.00
# Visual Studio 14
VisualStudioVersion = 14.0.25420.1
MinimumVisualStudioVersion = 10.0.40219.1
Project("{FAE04EC0-301F-11D3-BF4B-00C04F79EFBC}") = "PhonebookWebApp", "PhonebookWebApp\PhonebookWebApp.csproj", "{6190487B-D75E-45B6-BCF3-5CBDD87A6DD2}"
EndProject
Project("{FAE04EC0-301F-11D3-BF4B-00C04F79EFBC}") = "PhonebookWebApp.Tests", "PhonebookWebApp.Tests\PhonebookWebApp.Tests.csproj", "{0A48DBFE-FCC3-4284-988A-513883D09094}"
EndProject
Project("{FAE04EC0-301F-11D3-BF4B-00C04F79EFBC}") = "Phonebook.Core", "..\Phonebook.Core\Phonebook.Core.csproj", "{4876F4B4-9EF0-4D74-A925-68ABBA0DE1DF}"
EndProject
Global
	GlobalSection(SolutionConfigurationPlatforms) = preSolution
		Debug|Any CPU = Debug|Any CPU
		Release|Any CPU = Release|Any CPU
	EndGlobalSection
	GlobalSection(ProjectConfigurationPlatforms) = postSolution
		{6190487B-D75E-45B6-BCF3-5CBDD87A6DD2}.Debug|Any CPU.ActiveCfg = Debug|Any CPU
		{6190487B-D75E-45B6-BCF3-5CBDD87A6DD2}.Debug|Any CPU.Build.0 = Debug|Any CPU
		{6190487B-D75E-45B6-BCF3-5CBDD87A6DD2}.Release|Any CPU.ActiveCfg = Release|Any CPU
		{6190487B-D75E-45B6-BCF3-5CBDD87A6DD2}.Release|Any CPU.Build.0 = Release|Any CPU
		{0A48DBFE-FCC3-4284-988A-513883D09094}.Debug|Any CPU.ActiveCfg = Debug|Any CPU
		{0A48DBFE-FCC3-4284-988A-513883D09094}.Debug|Any CPU.Build.0 = Debug|Any CPU
		{0A48DBFE-FCC3-4284-988A-513883D09094}.Release|Any CPU.ActiveCfg = Release|Any CPU
		{0A48DBFE-FCC3-4284-988A-513883D09094}.Release|Any CPU.Build.0 = Release|Any CPU
		{4876F4B4-9EF0-4D74-A925-68ABBA0DE1DF}.Debug|Any CPU.ActiveCfg = Debug|Any CPU
		{4876F4B4-9EF0-4D74-A925-68ABBA0DE1DF}.Debug|Any CPU.Build.0 = Debug|Any CPU
		{4876F4B4-9EF0-4D74-A925-68ABBA0DE1DF}.Release|Any CPU.ActiveCfg = Release|Any CPU
		{4876F4B4-9EF0-4D74-A925-68ABBA0DE1DF}.Release|Any CPU.Build.0 = Release|Any CPU
	EndGlobalSection
	GlobalSection(SolutionProperties) = preSolution
		HideSolutionNode = FALSE
	EndGlobalSection
EndGlobal
